
Microsoft Visual Studio Solution File, Format Version 12.00
# Visual Studio Version 16
VisualStudioVersion = 16.0.31911.196
MinimumVisualStudioVersion = 10.0.40219.1
Project("{9A19103F-16F7-4668-BE54-9A1E7A4F7556}") = "Single Responsibility", "Single Responsibility.csproj", "{450C0ED4-A013-4854-949B-DFCFA5E486ED}"
EndProject
Project("{FAE04EC0-301F-11D3-BF4B-00C04F79EFBC}") = "Original", "..\Original\Original.csproj", "{977F5E32-A92A-4ABF-8476-7EE32B48C4CF}"
EndProject
Global
	GlobalSection(SolutionConfigurationPlatforms) = preSolution
		Debug|Any CPU = Debug|Any CPU
		Release|Any CPU = Release|Any CPU
	EndGlobalSection
	GlobalSection(ProjectConfigurationPlatforms) = postSolution
		{450C0ED4-A013-4854-949B-DFCFA5E486ED}.Debug|Any CPU.ActiveCfg = Debug|Any CPU
		{450C0ED4-A013-4854-949B-DFCFA5E486ED}.Debug|Any CPU.Build.0 = Debug|Any CPU
		{450C0ED4-A013-4854-949B-DFCFA5E486ED}.Release|Any CPU.ActiveCfg = Release|Any CPU
		{450C0ED4-A013-4854-949B-DFCFA5E486ED}.Release|Any CPU.Build.0 = Release|Any CPU
		{977F5E32-A92A-4ABF-8476-7EE32B48C4CF}.Debug|Any CPU.ActiveCfg = Debug|Any CPU
		{977F5E32-A92A-4ABF-8476-7EE32B48C4CF}.Debug|Any CPU.Build.0 = Debug|Any CPU
		{977F5E32-A92A-4ABF-8476-7EE32B48C4CF}.Release|Any CPU.ActiveCfg = Release|Any CPU
		{977F5E32-A92A-4ABF-8476-7EE32B48C4CF}.Release|Any CPU.Build.0 = Release|Any CPU
	EndGlobalSection
	GlobalSection(SolutionProperties) = preSolution
		HideSolutionNode = FALSE
	EndGlobalSection
	GlobalSection(ExtensibilityGlobals) = postSolution
		SolutionGuid = {A00DE83F-894B-4586-9D4E-AA111E7C13B6}
	EndGlobalSection
EndGlobal
